// !$*UTF8*$!
{
	archiveVersion = 1;
	classes = {
	};
	objectVersion = 51;
	objects = {

/* Begin PBXBuildFile section */
		34044E43904804AC5BF0B122 /* Pods_Way_TodayUITests.framework in Frameworks */ = {isa = PBXBuildFile; fileRef = C5E3514F1E098E47DD87D04D /* Pods_Way_TodayUITests.framework */; };
		412D700122D335960018A53D /* WayTodayService.swift in Sources */ = {isa = PBXBuildFile; fileRef = 412D700022D335960018A53D /* WayTodayService.swift */; };
		412D700322D336940018A53D /* WayTodayServiceDefault.swift in Sources */ = {isa = PBXBuildFile; fileRef = 412D700222D336940018A53D /* WayTodayServiceDefault.swift */; };
		41BA3D3C22D0686400850FD3 /* AppDelegate.swift in Sources */ = {isa = PBXBuildFile; fileRef = 41BA3D3B22D0686400850FD3 /* AppDelegate.swift */; };
		41BA3D3E22D0686400850FD3 /* ViewController.swift in Sources */ = {isa = PBXBuildFile; fileRef = 41BA3D3D22D0686400850FD3 /* ViewController.swift */; };
		41BA3D4122D0686400850FD3 /* Main.storyboard in Resources */ = {isa = PBXBuildFile; fileRef = 41BA3D3F22D0686400850FD3 /* Main.storyboard */; };
		41BA3D4322D0686900850FD3 /* Assets.xcassets in Resources */ = {isa = PBXBuildFile; fileRef = 41BA3D4222D0686900850FD3 /* Assets.xcassets */; };
		41BA3D4622D0686900850FD3 /* LaunchScreen.storyboard in Resources */ = {isa = PBXBuildFile; fileRef = 41BA3D4422D0686900850FD3 /* LaunchScreen.storyboard */; };
		41BA3D5122D0686900850FD3 /* Way_TodayTests.swift in Sources */ = {isa = PBXBuildFile; fileRef = 41BA3D5022D0686900850FD3 /* Way_TodayTests.swift */; };
		41BA3D5C22D0686900850FD3 /* Way_TodayUITests.swift in Sources */ = {isa = PBXBuildFile; fileRef = 41BA3D5B22D0686900850FD3 /* Way_TodayUITests.swift */; };
		41BA3D6B22D098D900850FD3 /* WayTodayStateDefault.swift in Sources */ = {isa = PBXBuildFile; fileRef = 41BA3D6A22D098D900850FD3 /* WayTodayStateDefault.swift */; };
		41BA3D6F22D0A55400850FD3 /* WayTodayState.swift in Sources */ = {isa = PBXBuildFile; fileRef = 41BA3D6E22D0A55400850FD3 /* WayTodayState.swift */; };
		41BA3D7122D106B900850FD3 /* LocationService.swift in Sources */ = {isa = PBXBuildFile; fileRef = 41BA3D7022D106B900850FD3 /* LocationService.swift */; };
		41BA3D7322D1081900850FD3 /* LocationServiceDefault.swift in Sources */ = {isa = PBXBuildFile; fileRef = 41BA3D7222D1081900850FD3 /* LocationServiceDefault.swift */; };
		41BA3D7522D11DBE00850FD3 /* Log.swift in Sources */ = {isa = PBXBuildFile; fileRef = 41BA3D7422D11DBE00850FD3 /* Log.swift */; };
		41BA3D7722D11E2500850FD3 /* LogDefault.swift in Sources */ = {isa = PBXBuildFile; fileRef = 41BA3D7622D11E2500850FD3 /* LogDefault.swift */; };
		41E92C1E22D81F3600D410D2 /* secret.swift in Sources */ = {isa = PBXBuildFile; fileRef = 41E92C1D22D81F3600D410D2 /* secret.swift */; };
		41F5180B22D34BAA007B5B48 /* tracker.grpc.swift in Sources */ = {isa = PBXBuildFile; fileRef = 41F5180822D34BAA007B5B48 /* tracker.grpc.swift */; };
		41F5180C22D34BAA007B5B48 /* tracker.pb.swift in Sources */ = {isa = PBXBuildFile; fileRef = 41F5180922D34BAA007B5B48 /* tracker.pb.swift */; };
		41F5180D22D34BAA007B5B48 /* location.pb.swift in Sources */ = {isa = PBXBuildFile; fileRef = 41F5180A22D34BAA007B5B48 /* location.pb.swift */; };
		41F5180F22D38896007B5B48 /* wsse.swift in Sources */ = {isa = PBXBuildFile; fileRef = 41F5180E22D38896007B5B48 /* wsse.swift */; };
		41F5181422D38C50007B5B48 /* iso8601.swift in Sources */ = {isa = PBXBuildFile; fileRef = 41F5181322D38C50007B5B48 /* iso8601.swift */; };
		41F5181A22D3C4C3007B5B48 /* Uploader.swift in Sources */ = {isa = PBXBuildFile; fileRef = 41F5181922D3C4C3007B5B48 /* Uploader.swift */; };
		41F5181C22D3C589007B5B48 /* UploaderDefault.swift in Sources */ = {isa = PBXBuildFile; fileRef = 41F5181B22D3C589007B5B48 /* UploaderDefault.swift */; };
		8659B0CF38436A42E217FABA /* Pods_Way_Today.framework in Frameworks */ = {isa = PBXBuildFile; fileRef = BD9E20CB39785772F39D8B07 /* Pods_Way_Today.framework */; };
		E2AAD0061C00F7DAB4AA50AB /* Pods_Way_Today_Way_TodayTests.framework in Frameworks */ = {isa = PBXBuildFile; fileRef = 89EE394D99AD4CCB97AAF182 /* Pods_Way_Today_Way_TodayTests.framework */; };
/* End PBXBuildFile section */

/* Begin PBXContainerItemProxy section */
		41BA3D4D22D0686900850FD3 /* PBXContainerItemProxy */ = {
			isa = PBXContainerItemProxy;
			containerPortal = 41BA3D3022D0686400850FD3 /* Project object */;
			proxyType = 1;
			remoteGlobalIDString = 41BA3D3722D0686400850FD3;
			remoteInfo = Way.Today;
		};
		41BA3D5822D0686900850FD3 /* PBXContainerItemProxy */ = {
			isa = PBXContainerItemProxy;
			containerPortal = 41BA3D3022D0686400850FD3 /* Project object */;
			proxyType = 1;
			remoteGlobalIDString = 41BA3D3722D0686400850FD3;
			remoteInfo = Way.Today;
		};
/* End PBXContainerItemProxy section */

/* Begin PBXFileReference section */
		04259DC343E32EB5A3C1E137 /* Pods-Way.Today-Way.TodayUITests.debug.xcconfig */ = {isa = PBXFileReference; includeInIndex = 1; lastKnownFileType = text.xcconfig; name = "Pods-Way.Today-Way.TodayUITests.debug.xcconfig"; path = "Target Support Files/Pods-Way.Today-Way.TodayUITests/Pods-Way.Today-Way.TodayUITests.debug.xcconfig"; sourceTree = "<group>"; };
		0D07251833C3A9CE128B0E26 /* Pods-Way.Today-Way.TodayTests.release.xcconfig */ = {isa = PBXFileReference; includeInIndex = 1; lastKnownFileType = text.xcconfig; name = "Pods-Way.Today-Way.TodayTests.release.xcconfig"; path = "Target Support Files/Pods-Way.Today-Way.TodayTests/Pods-Way.Today-Way.TodayTests.release.xcconfig"; sourceTree = "<group>"; };
		14068F7CC392C29A740F93EA /* Pods-Way.TodayTests.release.xcconfig */ = {isa = PBXFileReference; includeInIndex = 1; lastKnownFileType = text.xcconfig; name = "Pods-Way.TodayTests.release.xcconfig"; path = "Target Support Files/Pods-Way.TodayTests/Pods-Way.TodayTests.release.xcconfig"; sourceTree = "<group>"; };
		23EE2A819A46C24E17669523 /* Pods-Way.Today-Way.TodayUITests.release.xcconfig */ = {isa = PBXFileReference; includeInIndex = 1; lastKnownFileType = text.xcconfig; name = "Pods-Way.Today-Way.TodayUITests.release.xcconfig"; path = "Target Support Files/Pods-Way.Today-Way.TodayUITests/Pods-Way.Today-Way.TodayUITests.release.xcconfig"; sourceTree = "<group>"; };
		302018BE20F143AFB9A3A8B3 /* Pods-Way.TodayUITests.debug.xcconfig */ = {isa = PBXFileReference; includeInIndex = 1; lastKnownFileType = text.xcconfig; name = "Pods-Way.TodayUITests.debug.xcconfig"; path = "Target Support Files/Pods-Way.TodayUITests/Pods-Way.TodayUITests.debug.xcconfig"; sourceTree = "<group>"; };
		3B5783C7C492E6140B6F6270 /* Pods-Way.Today.release.xcconfig */ = {isa = PBXFileReference; includeInIndex = 1; lastKnownFileType = text.xcconfig; name = "Pods-Way.Today.release.xcconfig"; path = "Target Support Files/Pods-Way.Today/Pods-Way.Today.release.xcconfig"; sourceTree = "<group>"; };
		412D700022D335960018A53D /* WayTodayService.swift */ = {isa = PBXFileReference; lastKnownFileType = sourcecode.swift; path = WayTodayService.swift; sourceTree = "<group>"; };
		412D700222D336940018A53D /* WayTodayServiceDefault.swift */ = {isa = PBXFileReference; lastKnownFileType = sourcecode.swift; path = WayTodayServiceDefault.swift; sourceTree = "<group>"; };
		41BA3D3822D0686400850FD3 /* Way.Today.app */ = {isa = PBXFileReference; explicitFileType = wrapper.application; includeInIndex = 0; path = Way.Today.app; sourceTree = BUILT_PRODUCTS_DIR; };
		41BA3D3B22D0686400850FD3 /* AppDelegate.swift */ = {isa = PBXFileReference; lastKnownFileType = sourcecode.swift; path = AppDelegate.swift; sourceTree = "<group>"; };
		41BA3D3D22D0686400850FD3 /* ViewController.swift */ = {isa = PBXFileReference; lastKnownFileType = sourcecode.swift; path = ViewController.swift; sourceTree = "<group>"; };
		41BA3D4022D0686400850FD3 /* Base */ = {isa = PBXFileReference; lastKnownFileType = file.storyboard; name = Base; path = Base.lproj/Main.storyboard; sourceTree = "<group>"; };
		41BA3D4222D0686900850FD3 /* Assets.xcassets */ = {isa = PBXFileReference; lastKnownFileType = folder.assetcatalog; path = Assets.xcassets; sourceTree = "<group>"; };
		41BA3D4522D0686900850FD3 /* Base */ = {isa = PBXFileReference; lastKnownFileType = file.storyboard; name = Base; path = Base.lproj/LaunchScreen.storyboard; sourceTree = "<group>"; };
		41BA3D4722D0686900850FD3 /* Info.plist */ = {isa = PBXFileReference; lastKnownFileType = text.plist.xml; path = Info.plist; sourceTree = "<group>"; };
		41BA3D4C22D0686900850FD3 /* Way.TodayTests.xctest */ = {isa = PBXFileReference; explicitFileType = wrapper.cfbundle; includeInIndex = 0; path = Way.TodayTests.xctest; sourceTree = BUILT_PRODUCTS_DIR; };
		41BA3D5022D0686900850FD3 /* Way_TodayTests.swift */ = {isa = PBXFileReference; lastKnownFileType = sourcecode.swift; path = Way_TodayTests.swift; sourceTree = "<group>"; };
		41BA3D5222D0686900850FD3 /* Info.plist */ = {isa = PBXFileReference; lastKnownFileType = text.plist.xml; path = Info.plist; sourceTree = "<group>"; };
		41BA3D5722D0686900850FD3 /* Way.TodayUITests.xctest */ = {isa = PBXFileReference; explicitFileType = wrapper.cfbundle; includeInIndex = 0; path = Way.TodayUITests.xctest; sourceTree = BUILT_PRODUCTS_DIR; };
		41BA3D5B22D0686900850FD3 /* Way_TodayUITests.swift */ = {isa = PBXFileReference; lastKnownFileType = sourcecode.swift; path = Way_TodayUITests.swift; sourceTree = "<group>"; };
		41BA3D5D22D0686900850FD3 /* Info.plist */ = {isa = PBXFileReference; lastKnownFileType = text.plist.xml; path = Info.plist; sourceTree = "<group>"; };
		41BA3D6A22D098D900850FD3 /* WayTodayStateDefault.swift */ = {isa = PBXFileReference; lastKnownFileType = sourcecode.swift; path = WayTodayStateDefault.swift; sourceTree = "<group>"; };
		41BA3D6E22D0A55400850FD3 /* WayTodayState.swift */ = {isa = PBXFileReference; lastKnownFileType = sourcecode.swift; path = WayTodayState.swift; sourceTree = "<group>"; };
		41BA3D7022D106B900850FD3 /* LocationService.swift */ = {isa = PBXFileReference; lastKnownFileType = sourcecode.swift; path = LocationService.swift; sourceTree = "<group>"; };
		41BA3D7222D1081900850FD3 /* LocationServiceDefault.swift */ = {isa = PBXFileReference; lastKnownFileType = sourcecode.swift; path = LocationServiceDefault.swift; sourceTree = "<group>"; };
		41BA3D7422D11DBE00850FD3 /* Log.swift */ = {isa = PBXFileReference; lastKnownFileType = sourcecode.swift; path = Log.swift; sourceTree = "<group>"; };
		41BA3D7622D11E2500850FD3 /* LogDefault.swift */ = {isa = PBXFileReference; lastKnownFileType = sourcecode.swift; path = LogDefault.swift; sourceTree = "<group>"; };
		41E92C1D22D81F3600D410D2 /* secret.swift */ = {isa = PBXFileReference; lastKnownFileType = sourcecode.swift; path = secret.swift; sourceTree = "<group>"; };
		41F5180822D34BAA007B5B48 /* tracker.grpc.swift */ = {isa = PBXFileReference; fileEncoding = 4; lastKnownFileType = sourcecode.swift; path = tracker.grpc.swift; sourceTree = "<group>"; };
		41F5180922D34BAA007B5B48 /* tracker.pb.swift */ = {isa = PBXFileReference; fileEncoding = 4; lastKnownFileType = sourcecode.swift; path = tracker.pb.swift; sourceTree = "<group>"; };
		41F5180A22D34BAA007B5B48 /* location.pb.swift */ = {isa = PBXFileReference; fileEncoding = 4; lastKnownFileType = sourcecode.swift; path = location.pb.swift; sourceTree = "<group>"; };
		41F5180E22D38896007B5B48 /* wsse.swift */ = {isa = PBXFileReference; lastKnownFileType = sourcecode.swift; path = wsse.swift; sourceTree = "<group>"; };
		41F5181322D38C50007B5B48 /* iso8601.swift */ = {isa = PBXFileReference; lastKnownFileType = sourcecode.swift; path = iso8601.swift; sourceTree = "<group>"; };
		41F5181922D3C4C3007B5B48 /* Uploader.swift */ = {isa = PBXFileReference; lastKnownFileType = sourcecode.swift; path = Uploader.swift; sourceTree = "<group>"; };
		41F5181B22D3C589007B5B48 /* UploaderDefault.swift */ = {isa = PBXFileReference; lastKnownFileType = sourcecode.swift; path = UploaderDefault.swift; sourceTree = "<group>"; };
		4C65A149C70707AADAEA5C78 /* Pods-Way.TodayUITests.release.xcconfig */ = {isa = PBXFileReference; includeInIndex = 1; lastKnownFileType = text.xcconfig; name = "Pods-Way.TodayUITests.release.xcconfig"; path = "Target Support Files/Pods-Way.TodayUITests/Pods-Way.TodayUITests.release.xcconfig"; sourceTree = "<group>"; };
		89EE394D99AD4CCB97AAF182 /* Pods_Way_Today_Way_TodayTests.framework */ = {isa = PBXFileReference; explicitFileType = wrapper.framework; includeInIndex = 0; path = Pods_Way_Today_Way_TodayTests.framework; sourceTree = BUILT_PRODUCTS_DIR; };
		9318499615E844AB1DC2C553 /* Pods-Way.Today.debug.xcconfig */ = {isa = PBXFileReference; includeInIndex = 1; lastKnownFileType = text.xcconfig; name = "Pods-Way.Today.debug.xcconfig"; path = "Target Support Files/Pods-Way.Today/Pods-Way.Today.debug.xcconfig"; sourceTree = "<group>"; };
		BD9E20CB39785772F39D8B07 /* Pods_Way_Today.framework */ = {isa = PBXFileReference; explicitFileType = wrapper.framework; includeInIndex = 0; path = Pods_Way_Today.framework; sourceTree = BUILT_PRODUCTS_DIR; };
		C5E3514F1E098E47DD87D04D /* Pods_Way_TodayUITests.framework */ = {isa = PBXFileReference; explicitFileType = wrapper.framework; includeInIndex = 0; path = Pods_Way_TodayUITests.framework; sourceTree = BUILT_PRODUCTS_DIR; };
		D9763E05A4A65D5348272A8B /* Pods-Way.Today-Way.TodayTests.debug.xcconfig */ = {isa = PBXFileReference; includeInIndex = 1; lastKnownFileType = text.xcconfig; name = "Pods-Way.Today-Way.TodayTests.debug.xcconfig"; path = "Target Support Files/Pods-Way.Today-Way.TodayTests/Pods-Way.Today-Way.TodayTests.debug.xcconfig"; sourceTree = "<group>"; };
		F2A4D0C7CD7089A653C592D1 /* Pods-Way.TodayTests.debug.xcconfig */ = {isa = PBXFileReference; includeInIndex = 1; lastKnownFileType = text.xcconfig; name = "Pods-Way.TodayTests.debug.xcconfig"; path = "Target Support Files/Pods-Way.TodayTests/Pods-Way.TodayTests.debug.xcconfig"; sourceTree = "<group>"; };
/* End PBXFileReference section */

/* Begin PBXFrameworksBuildPhase section */
		41BA3D3522D0686400850FD3 /* Frameworks */ = {
			isa = PBXFrameworksBuildPhase;
			buildActionMask = 2147483647;
			files = (
				8659B0CF38436A42E217FABA /* Pods_Way_Today.framework in Frameworks */,
			);
			runOnlyForDeploymentPostprocessing = 0;
		};
		41BA3D4922D0686900850FD3 /* Frameworks */ = {
			isa = PBXFrameworksBuildPhase;
			buildActionMask = 2147483647;
			files = (
				E2AAD0061C00F7DAB4AA50AB /* Pods_Way_Today_Way_TodayTests.framework in Frameworks */,
			);
			runOnlyForDeploymentPostprocessing = 0;
		};
		41BA3D5422D0686900850FD3 /* Frameworks */ = {
			isa = PBXFrameworksBuildPhase;
			buildActionMask = 2147483647;
			files = (
				34044E43904804AC5BF0B122 /* Pods_Way_TodayUITests.framework in Frameworks */,
			);
			runOnlyForDeploymentPostprocessing = 0;
		};
/* End PBXFrameworksBuildPhase section */

/* Begin PBXGroup section */
		41BA3D2F22D0686400850FD3 = {
			isa = PBXGroup;
			children = (
				41BA3D3A22D0686400850FD3 /* Way.Today */,
				41BA3D4F22D0686900850FD3 /* Way.TodayTests */,
				41BA3D5A22D0686900850FD3 /* Way.TodayUITests */,
				41BA3D3922D0686400850FD3 /* Products */,
				FD3AB5152378273186A3A73C /* Pods */,
				A100BAEDCF27AABFEDC1AAEB /* Frameworks */,
			);
			sourceTree = "<group>";
		};
		41BA3D3922D0686400850FD3 /* Products */ = {
			isa = PBXGroup;
			children = (
				41BA3D3822D0686400850FD3 /* Way.Today.app */,
				41BA3D4C22D0686900850FD3 /* Way.TodayTests.xctest */,
				41BA3D5722D0686900850FD3 /* Way.TodayUITests.xctest */,
			);
			name = Products;
			sourceTree = "<group>";
		};
		41BA3D3A22D0686400850FD3 /* Way.Today */ = {
			isa = PBXGroup;
			children = (
				41F5181522D3A967007B5B48 /* wsse */,
				41F5180122D33E79007B5B48 /* grps */,
				41BA3D6922D0989C00850FD3 /* Models */,
				41BA3D3B22D0686400850FD3 /* AppDelegate.swift */,
				41BA3D3D22D0686400850FD3 /* ViewController.swift */,
				41BA3D3F22D0686400850FD3 /* Main.storyboard */,
				41BA3D4222D0686900850FD3 /* Assets.xcassets */,
				41BA3D4422D0686900850FD3 /* LaunchScreen.storyboard */,
				41BA3D4722D0686900850FD3 /* Info.plist */,
			);
			path = Way.Today;
			sourceTree = "<group>";
		};
		41BA3D4F22D0686900850FD3 /* Way.TodayTests */ = {
			isa = PBXGroup;
			children = (
				41BA3D5022D0686900850FD3 /* Way_TodayTests.swift */,
				41BA3D5222D0686900850FD3 /* Info.plist */,
			);
			path = Way.TodayTests;
			sourceTree = "<group>";
		};
		41BA3D5A22D0686900850FD3 /* Way.TodayUITests */ = {
			isa = PBXGroup;
			children = (
				41BA3D5B22D0686900850FD3 /* Way_TodayUITests.swift */,
				41BA3D5D22D0686900850FD3 /* Info.plist */,
			);
			path = Way.TodayUITests;
			sourceTree = "<group>";
		};
		41BA3D6922D0989C00850FD3 /* Models */ = {
			isa = PBXGroup;
			children = (
				41BA3D6A22D098D900850FD3 /* WayTodayStateDefault.swift */,
				41BA3D6E22D0A55400850FD3 /* WayTodayState.swift */,
				41BA3D7022D106B900850FD3 /* LocationService.swift */,
				41BA3D7222D1081900850FD3 /* LocationServiceDefault.swift */,
				41BA3D7422D11DBE00850FD3 /* Log.swift */,
				41BA3D7622D11E2500850FD3 /* LogDefault.swift */,
				412D700022D335960018A53D /* WayTodayService.swift */,
				412D700222D336940018A53D /* WayTodayServiceDefault.swift */,
				41F5181922D3C4C3007B5B48 /* Uploader.swift */,
				41F5181B22D3C589007B5B48 /* UploaderDefault.swift */,
			);
			path = Models;
			sourceTree = "<group>";
		};
		41F5180122D33E79007B5B48 /* grps */ = {
			isa = PBXGroup;
			children = (
				41F5180A22D34BAA007B5B48 /* location.pb.swift */,
				41F5180822D34BAA007B5B48 /* tracker.grpc.swift */,
				41F5180922D34BAA007B5B48 /* tracker.pb.swift */,
			);
			path = grps;
			sourceTree = "<group>";
		};
		41F5181522D3A967007B5B48 /* wsse */ = {
			isa = PBXGroup;
			children = (
				41E92C1D22D81F3600D410D2 /* secret.swift */,
				41F5181322D38C50007B5B48 /* iso8601.swift */,
				41F5180E22D38896007B5B48 /* wsse.swift */,
			);
			path = wsse;
			sourceTree = "<group>";
		};
		A100BAEDCF27AABFEDC1AAEB /* Frameworks */ = {
			isa = PBXGroup;
			children = (
				BD9E20CB39785772F39D8B07 /* Pods_Way_Today.framework */,
				89EE394D99AD4CCB97AAF182 /* Pods_Way_Today_Way_TodayTests.framework */,
				C5E3514F1E098E47DD87D04D /* Pods_Way_TodayUITests.framework */,
			);
			name = Frameworks;
			sourceTree = "<group>";
		};
		FD3AB5152378273186A3A73C /* Pods */ = {
			isa = PBXGroup;
			children = (
				9318499615E844AB1DC2C553 /* Pods-Way.Today.debug.xcconfig */,
				3B5783C7C492E6140B6F6270 /* Pods-Way.Today.release.xcconfig */,
				F2A4D0C7CD7089A653C592D1 /* Pods-Way.TodayTests.debug.xcconfig */,
				14068F7CC392C29A740F93EA /* Pods-Way.TodayTests.release.xcconfig */,
				302018BE20F143AFB9A3A8B3 /* Pods-Way.TodayUITests.debug.xcconfig */,
				4C65A149C70707AADAEA5C78 /* Pods-Way.TodayUITests.release.xcconfig */,
				D9763E05A4A65D5348272A8B /* Pods-Way.Today-Way.TodayTests.debug.xcconfig */,
				0D07251833C3A9CE128B0E26 /* Pods-Way.Today-Way.TodayTests.release.xcconfig */,
				04259DC343E32EB5A3C1E137 /* Pods-Way.Today-Way.TodayUITests.debug.xcconfig */,
				23EE2A819A46C24E17669523 /* Pods-Way.Today-Way.TodayUITests.release.xcconfig */,
			);
			path = Pods;
			sourceTree = "<group>";
		};
/* End PBXGroup section */

/* Begin PBXNativeTarget section */
		41BA3D3722D0686400850FD3 /* Way.Today */ = {
			isa = PBXNativeTarget;
			buildConfigurationList = 41BA3D6022D0686900850FD3 /* Build configuration list for PBXNativeTarget "Way.Today" */;
			buildPhases = (
				1B9D683E1F49C5C000729798 /* [CP] Check Pods Manifest.lock */,
				41BA3D3422D0686400850FD3 /* Sources */,
				41BA3D3522D0686400850FD3 /* Frameworks */,
				41BA3D3622D0686400850FD3 /* Resources */,
				6AD36F5D6435FA43130B4589 /* [CP] Embed Pods Frameworks */,
			);
			buildRules = (
			);
			dependencies = (
			);
			name = Way.Today;
			productName = Way.Today;
			productReference = 41BA3D3822D0686400850FD3 /* Way.Today.app */;
			productType = "com.apple.product-type.application";
		};
		41BA3D4B22D0686900850FD3 /* Way.TodayTests */ = {
			isa = PBXNativeTarget;
			buildConfigurationList = 41BA3D6322D0686900850FD3 /* Build configuration list for PBXNativeTarget "Way.TodayTests" */;
			buildPhases = (
				B92D3E1CA03D8EFD7C5DD5B1 /* [CP] Check Pods Manifest.lock */,
				41BA3D4822D0686900850FD3 /* Sources */,
				41BA3D4922D0686900850FD3 /* Frameworks */,
				41BA3D4A22D0686900850FD3 /* Resources */,
				30B821E78C6BFD4C8E8FA947 /* [CP] Embed Pods Frameworks */,
			);
			buildRules = (
			);
			dependencies = (
				41BA3D4E22D0686900850FD3 /* PBXTargetDependency */,
			);
			name = Way.TodayTests;
			productName = Way.TodayTests;
			productReference = 41BA3D4C22D0686900850FD3 /* Way.TodayTests.xctest */;
			productType = "com.apple.product-type.bundle.unit-test";
		};
		41BA3D5622D0686900850FD3 /* Way.TodayUITests */ = {
			isa = PBXNativeTarget;
			buildConfigurationList = 41BA3D6622D0686900850FD3 /* Build configuration list for PBXNativeTarget "Way.TodayUITests" */;
			buildPhases = (
				4509E231A5279C1D801BCF0E /* [CP] Check Pods Manifest.lock */,
				41BA3D5322D0686900850FD3 /* Sources */,
				41BA3D5422D0686900850FD3 /* Frameworks */,
				41BA3D5522D0686900850FD3 /* Resources */,
			);
			buildRules = (
			);
			dependencies = (
				41BA3D5922D0686900850FD3 /* PBXTargetDependency */,
			);
			name = Way.TodayUITests;
			productName = Way.TodayUITests;
			productReference = 41BA3D5722D0686900850FD3 /* Way.TodayUITests.xctest */;
			productType = "com.apple.product-type.bundle.ui-testing";
		};
/* End PBXNativeTarget section */

/* Begin PBXProject section */
		41BA3D3022D0686400850FD3 /* Project object */ = {
			isa = PBXProject;
			attributes = {
				LastSwiftUpdateCheck = 1010;
				LastUpgradeCheck = 1010;
				ORGANIZATIONNAME = "S4Y Solutions";
				TargetAttributes = {
					41BA3D3722D0686400850FD3 = {
						CreatedOnToolsVersion = 10.1;
						LastSwiftMigration = 1020;
						SystemCapabilities = {
							com.apple.BackgroundModes = {
								enabled = 1;
							};
						};
					};
					41BA3D4B22D0686900850FD3 = {
						CreatedOnToolsVersion = 10.1;
						LastSwiftMigration = 1020;
						TestTargetID = 41BA3D3722D0686400850FD3;
					};
					41BA3D5622D0686900850FD3 = {
						CreatedOnToolsVersion = 10.1;
						LastSwiftMigration = 1020;
						TestTargetID = 41BA3D3722D0686400850FD3;
					};
				};
			};
			buildConfigurationList = 41BA3D3322D0686400850FD3 /* Build configuration list for PBXProject "Way.Today" */;
			compatibilityVersion = "Xcode 10.0";
			developmentRegion = en;
			hasScannedForEncodings = 0;
			knownRegions = (
				en,
				Base,
			);
			mainGroup = 41BA3D2F22D0686400850FD3;
			productRefGroup = 41BA3D3922D0686400850FD3 /* Products */;
			projectDirPath = "";
			projectRoot = "";
			targets = (
				41BA3D3722D0686400850FD3 /* Way.Today */,
				41BA3D4B22D0686900850FD3 /* Way.TodayTests */,
				41BA3D5622D0686900850FD3 /* Way.TodayUITests */,
			);
		};
/* End PBXProject section */

/* Begin PBXResourcesBuildPhase section */
		41BA3D3622D0686400850FD3 /* Resources */ = {
			isa = PBXResourcesBuildPhase;
			buildActionMask = 2147483647;
			files = (
				41BA3D4622D0686900850FD3 /* LaunchScreen.storyboard in Resources */,
				41BA3D4322D0686900850FD3 /* Assets.xcassets in Resources */,
				41BA3D4122D0686400850FD3 /* Main.storyboard in Resources */,
			);
			runOnlyForDeploymentPostprocessing = 0;
		};
		41BA3D4A22D0686900850FD3 /* Resources */ = {
			isa = PBXResourcesBuildPhase;
			buildActionMask = 2147483647;
			files = (
			);
			runOnlyForDeploymentPostprocessing = 0;
		};
		41BA3D5522D0686900850FD3 /* Resources */ = {
			isa = PBXResourcesBuildPhase;
			buildActionMask = 2147483647;
			files = (
			);
			runOnlyForDeploymentPostprocessing = 0;
		};
/* End PBXResourcesBuildPhase section */

/* Begin PBXShellScriptBuildPhase section */
		1B9D683E1F49C5C000729798 /* [CP] Check Pods Manifest.lock */ = {
			isa = PBXShellScriptBuildPhase;
			buildActionMask = 2147483647;
			files = (
			);
			inputFileListPaths = (
			);
			inputPaths = (
				"${PODS_PODFILE_DIR_PATH}/Podfile.lock",
				"${PODS_ROOT}/Manifest.lock",
			);
			name = "[CP] Check Pods Manifest.lock";
			outputFileListPaths = (
			);
			outputPaths = (
				"$(DERIVED_FILE_DIR)/Pods-Way.Today-checkManifestLockResult.txt",
			);
			runOnlyForDeploymentPostprocessing = 0;
			shellPath = /bin/sh;
			shellScript = "diff \"${PODS_PODFILE_DIR_PATH}/Podfile.lock\" \"${PODS_ROOT}/Manifest.lock\" > /dev/null\nif [ $? != 0 ] ; then\n    # print error to STDERR\n    echo \"error: The sandbox is not in sync with the Podfile.lock. Run 'pod install' or update your CocoaPods installation.\" >&2\n    exit 1\nfi\n# This output is used by Xcode 'outputs' to avoid re-running this script phase.\necho \"SUCCESS\" > \"${SCRIPT_OUTPUT_FILE_0}\"\n";
			showEnvVarsInLog = 0;
		};
		30B821E78C6BFD4C8E8FA947 /* [CP] Embed Pods Frameworks */ = {
			isa = PBXShellScriptBuildPhase;
			buildActionMask = 2147483647;
			files = (
			);
			inputFileListPaths = (
				"${PODS_ROOT}/Target Support Files/Pods-Way.Today-Way.TodayTests/Pods-Way.Today-Way.TodayTests-frameworks-${CONFIGURATION}-input-files.xcfilelist",
			);
			name = "[CP] Embed Pods Frameworks";
			outputFileListPaths = (
				"${PODS_ROOT}/Target Support Files/Pods-Way.Today-Way.TodayTests/Pods-Way.Today-Way.TodayTests-frameworks-${CONFIGURATION}-output-files.xcfilelist",
			);
			runOnlyForDeploymentPostprocessing = 0;
			shellPath = /bin/sh;
			shellScript = "\"${PODS_ROOT}/Target Support Files/Pods-Way.Today-Way.TodayTests/Pods-Way.Today-Way.TodayTests-frameworks.sh\"\n";
			showEnvVarsInLog = 0;
		};
		4509E231A5279C1D801BCF0E /* [CP] Check Pods Manifest.lock */ = {
			isa = PBXShellScriptBuildPhase;
			buildActionMask = 2147483647;
			files = (
			);
			inputFileListPaths = (
			);
			inputPaths = (
				"${PODS_PODFILE_DIR_PATH}/Podfile.lock",
				"${PODS_ROOT}/Manifest.lock",
			);
			name = "[CP] Check Pods Manifest.lock";
			outputFileListPaths = (
			);
			outputPaths = (
				"$(DERIVED_FILE_DIR)/Pods-Way.TodayUITests-checkManifestLockResult.txt",
			);
			runOnlyForDeploymentPostprocessing = 0;
			shellPath = /bin/sh;
			shellScript = "diff \"${PODS_PODFILE_DIR_PATH}/Podfile.lock\" \"${PODS_ROOT}/Manifest.lock\" > /dev/null\nif [ $? != 0 ] ; then\n    # print error to STDERR\n    echo \"error: The sandbox is not in sync with the Podfile.lock. Run 'pod install' or update your CocoaPods installation.\" >&2\n    exit 1\nfi\n# This output is used by Xcode 'outputs' to avoid re-running this script phase.\necho \"SUCCESS\" > \"${SCRIPT_OUTPUT_FILE_0}\"\n";
			showEnvVarsInLog = 0;
		};
		6AD36F5D6435FA43130B4589 /* [CP] Embed Pods Frameworks */ = {
			isa = PBXShellScriptBuildPhase;
			buildActionMask = 2147483647;
			files = (
			);
			inputFileListPaths = (
				"${PODS_ROOT}/Target Support Files/Pods-Way.Today/Pods-Way.Today-frameworks-${CONFIGURATION}-input-files.xcfilelist",
			);
			name = "[CP] Embed Pods Frameworks";
			outputFileListPaths = (
				"${PODS_ROOT}/Target Support Files/Pods-Way.Today/Pods-Way.Today-frameworks-${CONFIGURATION}-output-files.xcfilelist",
			);
			runOnlyForDeploymentPostprocessing = 0;
			shellPath = /bin/sh;
			shellScript = "\"${PODS_ROOT}/Target Support Files/Pods-Way.Today/Pods-Way.Today-frameworks.sh\"\n";
			showEnvVarsInLog = 0;
		};
		B92D3E1CA03D8EFD7C5DD5B1 /* [CP] Check Pods Manifest.lock */ = {
			isa = PBXShellScriptBuildPhase;
			buildActionMask = 2147483647;
			files = (
			);
			inputFileListPaths = (
			);
			inputPaths = (
				"${PODS_PODFILE_DIR_PATH}/Podfile.lock",
				"${PODS_ROOT}/Manifest.lock",
			);
			name = "[CP] Check Pods Manifest.lock";
			outputFileListPaths = (
			);
			outputPaths = (
				"$(DERIVED_FILE_DIR)/Pods-Way.Today-Way.TodayTests-checkManifestLockResult.txt",
			);
			runOnlyForDeploymentPostprocessing = 0;
			shellPath = /bin/sh;
			shellScript = "diff \"${PODS_PODFILE_DIR_PATH}/Podfile.lock\" \"${PODS_ROOT}/Manifest.lock\" > /dev/null\nif [ $? != 0 ] ; then\n    # print error to STDERR\n    echo \"error: The sandbox is not in sync with the Podfile.lock. Run 'pod install' or update your CocoaPods installation.\" >&2\n    exit 1\nfi\n# This output is used by Xcode 'outputs' to avoid re-running this script phase.\necho \"SUCCESS\" > \"${SCRIPT_OUTPUT_FILE_0}\"\n";
			showEnvVarsInLog = 0;
		};
/* End PBXShellScriptBuildPhase section */

/* Begin PBXSourcesBuildPhase section */
		41BA3D3422D0686400850FD3 /* Sources */ = {
			isa = PBXSourcesBuildPhase;
			buildActionMask = 2147483647;
			files = (
				412D700122D335960018A53D /* WayTodayService.swift in Sources */,
				41F5180D22D34BAA007B5B48 /* location.pb.swift in Sources */,
				41F5181422D38C50007B5B48 /* iso8601.swift in Sources */,
				412D700322D336940018A53D /* WayTodayServiceDefault.swift in Sources */,
				41F5181C22D3C589007B5B48 /* UploaderDefault.swift in Sources */,
				41BA3D3E22D0686400850FD3 /* ViewController.swift in Sources */,
				41BA3D7522D11DBE00850FD3 /* Log.swift in Sources */,
				41BA3D7722D11E2500850FD3 /* LogDefault.swift in Sources */,
				41BA3D3C22D0686400850FD3 /* AppDelegate.swift in Sources */,
				41BA3D7322D1081900850FD3 /* LocationServiceDefault.swift in Sources */,
				41BA3D7122D106B900850FD3 /* LocationService.swift in Sources */,
				41E92C1E22D81F3600D410D2 /* secret.swift in Sources */,
				41BA3D6F22D0A55400850FD3 /* WayTodayState.swift in Sources */,
				41F5180B22D34BAA007B5B48 /* tracker.grpc.swift in Sources */,
				41F5180F22D38896007B5B48 /* wsse.swift in Sources */,
				41BA3D6B22D098D900850FD3 /* WayTodayStateDefault.swift in Sources */,
				41F5181A22D3C4C3007B5B48 /* Uploader.swift in Sources */,
				41F5180C22D34BAA007B5B48 /* tracker.pb.swift in Sources */,
			);
			runOnlyForDeploymentPostprocessing = 0;
		};
		41BA3D4822D0686900850FD3 /* Sources */ = {
			isa = PBXSourcesBuildPhase;
			buildActionMask = 2147483647;
			files = (
				41BA3D5122D0686900850FD3 /* Way_TodayTests.swift in Sources */,
			);
			runOnlyForDeploymentPostprocessing = 0;
		};
		41BA3D5322D0686900850FD3 /* Sources */ = {
			isa = PBXSourcesBuildPhase;
			buildActionMask = 2147483647;
			files = (
				41BA3D5C22D0686900850FD3 /* Way_TodayUITests.swift in Sources */,
			);
			runOnlyForDeploymentPostprocessing = 0;
		};
/* End PBXSourcesBuildPhase section */

/* Begin PBXTargetDependency section */
		41BA3D4E22D0686900850FD3 /* PBXTargetDependency */ = {
			isa = PBXTargetDependency;
			target = 41BA3D3722D0686400850FD3 /* Way.Today */;
			targetProxy = 41BA3D4D22D0686900850FD3 /* PBXContainerItemProxy */;
		};
		41BA3D5922D0686900850FD3 /* PBXTargetDependency */ = {
			isa = PBXTargetDependency;
			target = 41BA3D3722D0686400850FD3 /* Way.Today */;
			targetProxy = 41BA3D5822D0686900850FD3 /* PBXContainerItemProxy */;
		};
/* End PBXTargetDependency section */

/* Begin PBXVariantGroup section */
		41BA3D3F22D0686400850FD3 /* Main.storyboard */ = {
			isa = PBXVariantGroup;
			children = (
				41BA3D4022D0686400850FD3 /* Base */,
			);
			name = Main.storyboard;
			sourceTree = "<group>";
		};
		41BA3D4422D0686900850FD3 /* LaunchScreen.storyboard */ = {
			isa = PBXVariantGroup;
			children = (
				41BA3D4522D0686900850FD3 /* Base */,
			);
			name = LaunchScreen.storyboard;
			sourceTree = "<group>";
		};
/* End PBXVariantGroup section */

/* Begin XCBuildConfiguration section */
		41BA3D5E22D0686900850FD3 /* Debug */ = {
			isa = XCBuildConfiguration;
			buildSettings = {
				ALWAYS_SEARCH_USER_PATHS = NO;
				CLANG_ANALYZER_NONNULL = YES;
				CLANG_ANALYZER_NUMBER_OBJECT_CONVERSION = YES_AGGRESSIVE;
				CLANG_CXX_LANGUAGE_STANDARD = "gnu++14";
				CLANG_CXX_LIBRARY = "libc++";
				CLANG_ENABLE_MODULES = YES;
				CLANG_ENABLE_OBJC_ARC = YES;
				CLANG_ENABLE_OBJC_WEAK = YES;
				CLANG_WARN_BLOCK_CAPTURE_AUTORELEASING = YES;
				CLANG_WARN_BOOL_CONVERSION = YES;
				CLANG_WARN_COMMA = YES;
				CLANG_WARN_CONSTANT_CONVERSION = YES;
				CLANG_WARN_DEPRECATED_OBJC_IMPLEMENTATIONS = YES;
				CLANG_WARN_DIRECT_OBJC_ISA_USAGE = YES_ERROR;
				CLANG_WARN_DOCUMENTATION_COMMENTS = YES;
				CLANG_WARN_EMPTY_BODY = YES;
				CLANG_WARN_ENUM_CONVERSION = YES;
				CLANG_WARN_INFINITE_RECURSION = YES;
				CLANG_WARN_INT_CONVERSION = YES;
				CLANG_WARN_NON_LITERAL_NULL_CONVERSION = YES;
				CLANG_WARN_OBJC_IMPLICIT_RETAIN_SELF = YES;
				CLANG_WARN_OBJC_LITERAL_CONVERSION = YES;
				CLANG_WARN_OBJC_ROOT_CLASS = YES_ERROR;
				CLANG_WARN_RANGE_LOOP_ANALYSIS = YES;
				CLANG_WARN_STRICT_PROTOTYPES = YES;
				CLANG_WARN_SUSPICIOUS_MOVE = YES;
				CLANG_WARN_UNGUARDED_AVAILABILITY = YES_AGGRESSIVE;
				CLANG_WARN_UNREACHABLE_CODE = YES;
				CLANG_WARN__DUPLICATE_METHOD_MATCH = YES;
				CODE_SIGN_IDENTITY = "iPhone Developer";
				COPY_PHASE_STRIP = NO;
				DEBUG_INFORMATION_FORMAT = dwarf;
				ENABLE_STRICT_OBJC_MSGSEND = YES;
				ENABLE_TESTABILITY = YES;
				GCC_C_LANGUAGE_STANDARD = gnu11;
				GCC_DYNAMIC_NO_PIC = NO;
				GCC_NO_COMMON_BLOCKS = YES;
				GCC_OPTIMIZATION_LEVEL = 0;
				GCC_PREPROCESSOR_DEFINITIONS = (
					"DEBUG=1",
					"$(inherited)",
				);
				GCC_WARN_64_TO_32_BIT_CONVERSION = YES;
				GCC_WARN_ABOUT_RETURN_TYPE = YES_ERROR;
				GCC_WARN_UNDECLARED_SELECTOR = YES;
				GCC_WARN_UNINITIALIZED_AUTOS = YES_AGGRESSIVE;
				GCC_WARN_UNUSED_FUNCTION = YES;
				GCC_WARN_UNUSED_VARIABLE = YES;
				IPHONEOS_DEPLOYMENT_TARGET = 12.1;
				MTL_ENABLE_DEBUG_INFO = INCLUDE_SOURCE;
				MTL_FAST_MATH = YES;
				ONLY_ACTIVE_ARCH = YES;
				SDKROOT = iphoneos;
				SWIFT_ACTIVE_COMPILATION_CONDITIONS = DEBUG;
				SWIFT_OPTIMIZATION_LEVEL = "-Onone";
			};
			name = Debug;
		};
		41BA3D5F22D0686900850FD3 /* Release */ = {
			isa = XCBuildConfiguration;
			buildSettings = {
				ALWAYS_SEARCH_USER_PATHS = NO;
				CLANG_ANALYZER_NONNULL = YES;
				CLANG_ANALYZER_NUMBER_OBJECT_CONVERSION = YES_AGGRESSIVE;
				CLANG_CXX_LANGUAGE_STANDARD = "gnu++14";
				CLANG_CXX_LIBRARY = "libc++";
				CLANG_ENABLE_MODULES = YES;
				CLANG_ENABLE_OBJC_ARC = YES;
				CLANG_ENABLE_OBJC_WEAK = YES;
				CLANG_WARN_BLOCK_CAPTURE_AUTORELEASING = YES;
				CLANG_WARN_BOOL_CONVERSION = YES;
				CLANG_WARN_COMMA = YES;
				CLANG_WARN_CONSTANT_CONVERSION = YES;
				CLANG_WARN_DEPRECATED_OBJC_IMPLEMENTATIONS = YES;
				CLANG_WARN_DIRECT_OBJC_ISA_USAGE = YES_ERROR;
				CLANG_WARN_DOCUMENTATION_COMMENTS = YES;
				CLANG_WARN_EMPTY_BODY = YES;
				CLANG_WARN_ENUM_CONVERSION = YES;
				CLANG_WARN_INFINITE_RECURSION = YES;
				CLANG_WARN_INT_CONVERSION = YES;
				CLANG_WARN_NON_LITERAL_NULL_CONVERSION = YES;
				CLANG_WARN_OBJC_IMPLICIT_RETAIN_SELF = YES;
				CLANG_WARN_OBJC_LITERAL_CONVERSION = YES;
				CLANG_WARN_OBJC_ROOT_CLASS = YES_ERROR;
				CLANG_WARN_RANGE_LOOP_ANALYSIS = YES;
				CLANG_WARN_STRICT_PROTOTYPES = YES;
				CLANG_WARN_SUSPICIOUS_MOVE = YES;
				CLANG_WARN_UNGUARDED_AVAILABILITY = YES_AGGRESSIVE;
				CLANG_WARN_UNREACHABLE_CODE = YES;
				CLANG_WARN__DUPLICATE_METHOD_MATCH = YES;
				CODE_SIGN_IDENTITY = "iPhone Developer";
				COPY_PHASE_STRIP = NO;
				DEBUG_INFORMATION_FORMAT = "dwarf-with-dsym";
				ENABLE_NS_ASSERTIONS = NO;
				ENABLE_STRICT_OBJC_MSGSEND = YES;
				GCC_C_LANGUAGE_STANDARD = gnu11;
				GCC_NO_COMMON_BLOCKS = YES;
				GCC_WARN_64_TO_32_BIT_CONVERSION = YES;
				GCC_WARN_ABOUT_RETURN_TYPE = YES_ERROR;
				GCC_WARN_UNDECLARED_SELECTOR = YES;
				GCC_WARN_UNINITIALIZED_AUTOS = YES_AGGRESSIVE;
				GCC_WARN_UNUSED_FUNCTION = YES;
				GCC_WARN_UNUSED_VARIABLE = YES;
				IPHONEOS_DEPLOYMENT_TARGET = 12.1;
				MTL_ENABLE_DEBUG_INFO = NO;
				MTL_FAST_MATH = YES;
				SDKROOT = iphoneos;
				SWIFT_COMPILATION_MODE = wholemodule;
				SWIFT_OPTIMIZATION_LEVEL = "-O";
				VALIDATE_PRODUCT = YES;
			};
			name = Release;
		};
		41BA3D6122D0686900850FD3 /* Debug */ = {
			isa = XCBuildConfiguration;
			baseConfigurationReference = 9318499615E844AB1DC2C553 /* Pods-Way.Today.debug.xcconfig */;
			buildSettings = {
				ASSETCATALOG_COMPILER_APPICON_NAME = AppIcon;
				CODE_SIGN_IDENTITY = "iPhone Developer";
				CODE_SIGN_STYLE = Automatic;
				DEVELOPMENT_TEAM = ZR995K5J82;
				INFOPLIST_FILE = Way.Today/Info.plist;
				IPHONEOS_DEPLOYMENT_TARGET = 12.1;
				LD_RUNPATH_SEARCH_PATHS = (
					"$(inherited)",
					"@executable_path/Frameworks",
				);
				PRODUCT_BUNDLE_IDENTIFIER = solutions.s4y.waytoday;
				PRODUCT_NAME = "$(TARGET_NAME)";
				PROVISIONING_PROFILE_SPECIFIER = "";
				SWIFT_VERSION = 5.0;
				TARGETED_DEVICE_FAMILY = "1,2";
			};
			name = Debug;
		};
		41BA3D6222D0686900850FD3 /* Release */ = {
			isa = XCBuildConfiguration;
			baseConfigurationReference = 3B5783C7C492E6140B6F6270 /* Pods-Way.Today.release.xcconfig */;
			buildSettings = {
				ASSETCATALOG_COMPILER_APPICON_NAME = AppIcon;
				CODE_SIGN_IDENTITY = "iPhone Developer";
				CODE_SIGN_STYLE = Automatic;
				DEVELOPMENT_TEAM = ZR995K5J82;
				INFOPLIST_FILE = Way.Today/Info.plist;
				IPHONEOS_DEPLOYMENT_TARGET = 12.1;
				LD_RUNPATH_SEARCH_PATHS = (
					"$(inherited)",
					"@executable_path/Frameworks",
				);
				PRODUCT_BUNDLE_IDENTIFIER = solutions.s4y.waytoday;
				PRODUCT_NAME = "$(TARGET_NAME)";
				PROVISIONING_PROFILE_SPECIFIER = "";
				SWIFT_VERSION = 5.0;
				TARGETED_DEVICE_FAMILY = "1,2";
			};
			name = Release;
		};
		41BA3D6422D0686900850FD3 /* Debug */ = {
			isa = XCBuildConfiguration;
			baseConfigurationReference = D9763E05A4A65D5348272A8B /* Pods-Way.Today-Way.TodayTests.debug.xcconfig */;
			buildSettings = {
				ALWAYS_EMBED_SWIFT_STANDARD_LIBRARIES = "$(inherited)";
				BUNDLE_LOADER = "$(TEST_HOST)";
				CODE_SIGN_STYLE = Automatic;
				DEVELOPMENT_TEAM = ZR995K5J82;
				INFOPLIST_FILE = Way.TodayTests/Info.plist;
				LD_RUNPATH_SEARCH_PATHS = (
					"$(inherited)",
					"@executable_path/Frameworks",
					"@loader_path/Frameworks",
				);
				PRODUCT_BUNDLE_IDENTIFIER = "solutions.s4y.Way-TodayTests";
				PRODUCT_NAME = "$(TARGET_NAME)";
				SWIFT_VERSION = 5.0;
				TARGETED_DEVICE_FAMILY = "1,2";
				TEST_HOST = "$(BUILT_PRODUCTS_DIR)/Way.Today.app/Way.Today";
			};
			name = Debug;
		};
		41BA3D6522D0686900850FD3 /* Release */ = {
			isa = XCBuildConfiguration;
			baseConfigurationReference = 0D07251833C3A9CE128B0E26 /* Pods-Way.Today-Way.TodayTests.release.xcconfig */;
			buildSettings = {
				ALWAYS_EMBED_SWIFT_STANDARD_LIBRARIES = "$(inherited)";
				BUNDLE_LOADER = "$(TEST_HOST)";
				CODE_SIGN_STYLE = Automatic;
				DEVELOPMENT_TEAM = ZR995K5J82;
				INFOPLIST_FILE = Way.TodayTests/Info.plist;
				LD_RUNPATH_SEARCH_PATHS = (
					"$(inherited)",
					"@executable_path/Frameworks",
					"@loader_path/Frameworks",
				);
				PRODUCT_BUNDLE_IDENTIFIER = "solutions.s4y.Way-TodayTests";
				PRODUCT_NAME = "$(TARGET_NAME)";
				SWIFT_VERSION = 5.0;
				TARGETED_DEVICE_FAMILY = "1,2";
				TEST_HOST = "$(BUILT_PRODUCTS_DIR)/Way.Today.app/Way.Today";
			};
			name = Release;
		};
		41BA3D6722D0686900850FD3 /* Debug */ = {
			isa = XCBuildConfiguration;
			baseConfigurationReference = 302018BE20F143AFB9A3A8B3 /* Pods-Way.TodayUITests.debug.xcconfig */;
			buildSettings = {
				ALWAYS_EMBED_SWIFT_STANDARD_LIBRARIES = "$(inherited)";
				CODE_SIGN_STYLE = Automatic;
				DEVELOPMENT_TEAM = ZR995K5J82;
				INFOPLIST_FILE = Way.TodayUITests/Info.plist;
				LD_RUNPATH_SEARCH_PATHS = (
					"$(inherited)",
					"@executable_path/Frameworks",
					"@loader_path/Frameworks",
				);
				PRODUCT_BUNDLE_IDENTIFIER = "solutions.s4y.Way-TodayUITests";
				PRODUCT_NAME = "$(TARGET_NAME)";
				SWIFT_VERSION = 5.0;
				TARGETED_DEVICE_FAMILY = "1,2";
				TEST_TARGET_NAME = Way.Today;
			};
			name = Debug;
		};
		41BA3D6822D0686900850FD3 /* Release */ = {
			isa = XCBuildConfiguration;
			baseConfigurationReference = 4C65A149C70707AADAEA5C78 /* Pods-Way.TodayUITests.release.xcconfig */;
			buildSettings = {
				ALWAYS_EMBED_SWIFT_STANDARD_LIBRARIES = "$(inherited)";
				CODE_SIGN_STYLE = Automatic;
				DEVELOPMENT_TEAM = ZR995K5J82;
				INFOPLIST_FILE = Way.TodayUITests/Info.plist;
				LD_RUNPATH_SEARCH_PATHS = (
					"$(inherited)",
					"@executable_path/Frameworks",
					"@loader_path/Frameworks",
				);
				PRODUCT_BUNDLE_IDENTIFIER = "solutions.s4y.Way-TodayUITests";
				PRODUCT_NAME = "$(TARGET_NAME)";
				SWIFT_VERSION = 5.0;
				TARGETED_DEVICE_FAMILY = "1,2";
				TEST_TARGET_NAME = Way.Today;
			};
			name = Release;
		};
/* End XCBuildConfiguration section */

/* Begin XCConfigurationList section */
		41BA3D3322D0686400850FD3 /* Build configuration list for PBXProject "Way.Today" */ = {
			isa = XCConfigurationList;
			buildConfigurations = (
				41BA3D5E22D0686900850FD3 /* Debug */,
				41BA3D5F22D0686900850FD3 /* Release */,
			);
			defaultConfigurationIsVisible = 0;
			defaultConfigurationName = Release;
		};
		41BA3D6022D0686900850FD3 /* Build configuration list for PBXNativeTarget "Way.Today" */ = {
			isa = XCConfigurationList;
			buildConfigurations = (
				41BA3D6122D0686900850FD3 /* Debug */,
				41BA3D6222D0686900850FD3 /* Release */,
			);
			defaultConfigurationIsVisible = 0;
			defaultConfigurationName = Release;
		};
		41BA3D6322D0686900850FD3 /* Build configuration list for PBXNativeTarget "Way.TodayTests" */ = {
			isa = XCConfigurationList;
			buildConfigurations = (
				41BA3D6422D0686900850FD3 /* Debug */,
				41BA3D6522D0686900850FD3 /* Release */,
			);
			defaultConfigurationIsVisible = 0;
			defaultConfigurationName = Release;
		};
		41BA3D6622D0686900850FD3 /* Build configuration list for PBXNativeTarget "Way.TodayUITests" */ = {
			isa = XCConfigurationList;
			buildConfigurations = (
				41BA3D6722D0686900850FD3 /* Debug */,
				41BA3D6822D0686900850FD3 /* Release */,
			);
			defaultConfigurationIsVisible = 0;
			defaultConfigurationName = Release;
		};
/* End XCConfigurationList section */
	};
	rootObject = 41BA3D3022D0686400850FD3 /* Project object */;
}
